
Microsoft Visual Studio Solution File, Format Version 12.00
# Visual Studio Version 17
VisualStudioVersion = 17.0.31903.59
MinimumVisualStudioVersion = 10.0.40219.1
Project("{2150E333-8FDC-42A3-9474-1A3956D46DE8}") = "src", "src", "{827E0CD3-B72D-47B6-A68D-7590B98EB39B}"
EndProject
Project("{FAE04EC0-301F-11D3-BF4B-00C04F79EFBC}") = "Timetable.Api", "src\Timetable.Api\Timetable.Api.csproj", "{BEB635C6-B34B-49EE-9735-DDFE5AA127D7}"
EndProject
Project("{FAE04EC0-301F-11D3-BF4B-00C04F79EFBC}") = "Timetable.Application", "src\Timetable.Application\Timetable.Application.csproj", "{500E56A3-223E-428D-BE0E-010C1CA2B0F6}"
EndProject
Project("{FAE04EC0-301F-11D3-BF4B-00C04F79EFBC}") = "Timetable.Domain", "src\Timetable.Domain\Timetable.Domain.csproj", "{B640ADBF-6CDE-4429-9658-37F39B450CAE}"
EndProject
Project("{FAE04EC0-301F-11D3-BF4B-00C04F79EFBC}") = "Timetable.Infrastructure", "src\Timetable.Infrastructure\Timetable.Infrastructure.csproj", "{FB405694-194C-458E-8A1D-390DD4111417}"
EndProject
Project("{2150E333-8FDC-42A3-9474-1A3956D46DE8}") = "tests", "tests", "{0AB3BF05-4346-4AA6-1389-037BE0695223}"
EndProject
Project("{FAE04EC0-301F-11D3-BF4B-00C04F79EFBC}") = "Timetable.Api.IntegrationTests", "tests\Timetable.Api.IntegrationTests\Timetable.Api.IntegrationTests.csproj", "{2490080C-DEF0-4B83-96A9-BF15FA7AA085}"
EndProject
Project("{FAE04EC0-301F-11D3-BF4B-00C04F79EFBC}") = "Timetable.Application.Tests", "tests\Timetable.Application.Tests\Timetable.Application.Tests.csproj", "{68F65E76-B984-4FE0-816B-67D97AA74680}"
EndProject
Project("{FAE04EC0-301F-11D3-BF4B-00C04F79EFBC}") = "Timetable.Domain.Tests", "tests\Timetable.Domain.Tests\Timetable.Domain.Tests.csproj", "{D4D7F469-143E-4A15-942E-DC093891203E}"
EndProject
Project("{FAE04EC0-301F-11D3-BF4B-00C04F79EFBC}") = "Timetable.E2EHost", "tests\Timetable.E2EHost\Timetable.E2EHost.csproj", "{26B2755B-DE2B-4352-BBD5-E1D46FB13DF4}"
EndProject
Global
	GlobalSection(SolutionConfigurationPlatforms) = preSolution
		Debug|Any CPU = Debug|Any CPU
		Debug|x64 = Debug|x64
		Debug|x86 = Debug|x86
		Release|Any CPU = Release|Any CPU
		Release|x64 = Release|x64
		Release|x86 = Release|x86
	EndGlobalSection
	GlobalSection(ProjectConfigurationPlatforms) = postSolution
		{BEB635C6-B34B-49EE-9735-DDFE5AA127D7}.Debug|Any CPU.ActiveCfg = Debug|Any CPU
		{BEB635C6-B34B-49EE-9735-DDFE5AA127D7}.Debug|Any CPU.Build.0 = Debug|Any CPU
		{BEB635C6-B34B-49EE-9735-DDFE5AA127D7}.Debug|x64.ActiveCfg = Debug|Any CPU
		{BEB635C6-B34B-49EE-9735-DDFE5AA127D7}.Debug|x64.Build.0 = Debug|Any CPU
		{BEB635C6-B34B-49EE-9735-DDFE5AA127D7}.Debug|x86.ActiveCfg = Debug|Any CPU
		{BEB635C6-B34B-49EE-9735-DDFE5AA127D7}.Debug|x86.Build.0 = Debug|Any CPU
		{BEB635C6-B34B-49EE-9735-DDFE5AA127D7}.Release|Any CPU.ActiveCfg = Release|Any CPU
		{BEB635C6-B34B-49EE-9735-DDFE5AA127D7}.Release|Any CPU.Build.0 = Release|Any CPU
		{BEB635C6-B34B-49EE-9735-DDFE5AA127D7}.Release|x64.ActiveCfg = Release|Any CPU
		{BEB635C6-B34B-49EE-9735-DDFE5AA127D7}.Release|x64.Build.0 = Release|Any CPU
		{BEB635C6-B34B-49EE-9735-DDFE5AA127D7}.Release|x86.ActiveCfg = Release|Any CPU
		{BEB635C6-B34B-49EE-9735-DDFE5AA127D7}.Release|x86.Build.0 = Release|Any CPU
		{500E56A3-223E-428D-BE0E-010C1CA2B0F6}.Debug|Any CPU.ActiveCfg = Debug|Any CPU
		{500E56A3-223E-428D-BE0E-010C1CA2B0F6}.Debug|Any CPU.Build.0 = Debug|Any CPU
		{500E56A3-223E-428D-BE0E-010C1CA2B0F6}.Debug|x64.ActiveCfg = Debug|Any CPU
		{500E56A3-223E-428D-BE0E-010C1CA2B0F6}.Debug|x64.Build.0 = Debug|Any CPU
		{500E56A3-223E-428D-BE0E-010C1CA2B0F6}.Debug|x86.ActiveCfg = Debug|Any CPU
		{500E56A3-223E-428D-BE0E-010C1CA2B0F6}.Debug|x86.Build.0 = Debug|Any CPU
		{500E56A3-223E-428D-BE0E-010C1CA2B0F6}.Release|Any CPU.ActiveCfg = Release|Any CPU
		{500E56A3-223E-428D-BE0E-010C1CA2B0F6}.Release|Any CPU.Build.0 = Release|Any CPU
		{500E56A3-223E-428D-BE0E-010C1CA2B0F6}.Release|x64.ActiveCfg = Release|Any CPU
		{500E56A3-223E-428D-BE0E-010C1CA2B0F6}.Release|x64.Build.0 = Release|Any CPU
		{500E56A3-223E-428D-BE0E-010C1CA2B0F6}.Release|x86.ActiveCfg = Release|Any CPU
		{500E56A3-223E-428D-BE0E-010C1CA2B0F6}.Release|x86.Build.0 = Release|Any CPU
		{B640ADBF-6CDE-4429-9658-37F39B450CAE}.Debug|Any CPU.ActiveCfg = Debug|Any CPU
		{B640ADBF-6CDE-4429-9658-37F39B450CAE}.Debug|Any CPU.Build.0 = Debug|Any CPU
		{B640ADBF-6CDE-4429-9658-37F39B450CAE}.Debug|x64.ActiveCfg = Debug|Any CPU
		{B640ADBF-6CDE-4429-9658-37F39B450CAE}.Debug|x64.Build.0 = Debug|Any CPU
		{B640ADBF-6CDE-4429-9658-37F39B450CAE}.Debug|x86.ActiveCfg = Debug|Any CPU
		{B640ADBF-6CDE-4429-9658-37F39B450CAE}.Debug|x86.Build.0 = Debug|Any CPU
		{B640ADBF-6CDE-4429-9658-37F39B450CAE}.Release|Any CPU.ActiveCfg = Release|Any CPU
		{B640ADBF-6CDE-4429-9658-37F39B450CAE}.Release|Any CPU.Build.0 = Release|Any CPU
		{B640ADBF-6CDE-4429-9658-37F39B450CAE}.Release|x64.ActiveCfg = Release|Any CPU
		{B640ADBF-6CDE-4429-9658-37F39B450CAE}.Release|x64.Build.0 = Release|Any CPU
		{B640ADBF-6CDE-4429-9658-37F39B450CAE}.Release|x86.ActiveCfg = Release|Any CPU
		{B640ADBF-6CDE-4429-9658-37F39B450CAE}.Release|x86.Build.0 = Release|Any CPU
		{FB405694-194C-458E-8A1D-390DD4111417}.Debug|Any CPU.ActiveCfg = Debug|Any CPU
		{FB405694-194C-458E-8A1D-390DD4111417}.Debug|Any CPU.Build.0 = Debug|Any CPU
		{FB405694-194C-458E-8A1D-390DD4111417}.Debug|x64.ActiveCfg = Debug|Any CPU
		{FB405694-194C-458E-8A1D-390DD4111417}.Debug|x64.Build.0 = Debug|Any CPU
		{FB405694-194C-458E-8A1D-390DD4111417}.Debug|x86.ActiveCfg = Debug|Any CPU
		{FB405694-194C-458E-8A1D-390DD4111417}.Debug|x86.Build.0 = Debug|Any CPU
		{FB405694-194C-458E-8A1D-390DD4111417}.Release|Any CPU.ActiveCfg = Release|Any CPU
		{FB405694-194C-458E-8A1D-390DD4111417}.Release|Any CPU.Build.0 = Release|Any CPU
		{FB405694-194C-458E-8A1D-390DD4111417}.Release|x64.ActiveCfg = Release|Any CPU
		{FB405694-194C-458E-8A1D-390DD4111417}.Release|x64.Build.0 = Release|Any CPU
		{FB405694-194C-458E-8A1D-390DD4111417}.Release|x86.ActiveCfg = Release|Any CPU
		{FB405694-194C-458E-8A1D-390DD4111417}.Release|x86.Build.0 = Release|Any CPU
		{2490080C-DEF0-4B83-96A9-BF15FA7AA085}.Debug|Any CPU.ActiveCfg = Debug|Any CPU
		{2490080C-DEF0-4B83-96A9-BF15FA7AA085}.Debug|Any CPU.Build.0 = Debug|Any CPU
		{2490080C-DEF0-4B83-96A9-BF15FA7AA085}.Debug|x64.ActiveCfg = Debug|Any CPU
		{2490080C-DEF0-4B83-96A9-BF15FA7AA085}.Debug|x64.Build.0 = Debug|Any CPU
		{2490080C-DEF0-4B83-96A9-BF15FA7AA085}.Debug|x86.ActiveCfg = Debug|Any CPU
		{2490080C-DEF0-4B83-96A9-BF15FA7AA085}.Debug|x86.Build.0 = Debug|Any CPU
		{2490080C-DEF0-4B83-96A9-BF15FA7AA085}.Release|Any CPU.ActiveCfg = Release|Any CPU
		{2490080C-DEF0-4B83-96A9-BF15FA7AA085}.Release|Any CPU.Build.0 = Release|Any CPU
		{2490080C-DEF0-4B83-96A9-BF15FA7AA085}.Release|x64.ActiveCfg = Release|Any CPU
		{2490080C-DEF0-4B83-96A9-BF15FA7AA085}.Release|x64.Build.0 = Release|Any CPU
		{2490080C-DEF0-4B83-96A9-BF15FA7AA085}.Release|x86.ActiveCfg = Release|Any CPU
		{2490080C-DEF0-4B83-96A9-BF15FA7AA085}.Release|x86.Build.0 = Release|Any CPU
		{68F65E76-B984-4FE0-816B-67D97AA74680}.Debug|Any CPU.ActiveCfg = Debug|Any CPU
		{68F65E76-B984-4FE0-816B-67D97AA74680}.Debug|Any CPU.Build.0 = Debug|Any CPU
		{68F65E76-B984-4FE0-816B-67D97AA74680}.Debug|x64.ActiveCfg = Debug|Any CPU
		{68F65E76-B984-4FE0-816B-67D97AA74680}.Debug|x64.Build.0 = Debug|Any CPU
		{68F65E76-B984-4FE0-816B-67D97AA74680}.Debug|x86.ActiveCfg = Debug|Any CPU
		{68F65E76-B984-4FE0-816B-67D97AA74680}.Debug|x86.Build.0 = Debug|Any CPU
		{68F65E76-B984-4FE0-816B-67D97AA74680}.Release|Any CPU.ActiveCfg = Release|Any CPU
		{68F65E76-B984-4FE0-816B-67D97AA74680}.Release|Any CPU.Build.0 = Release|Any CPU
		{68F65E76-B984-4FE0-816B-67D97AA74680}.Release|x64.ActiveCfg = Release|Any CPU
		{68F65E76-B984-4FE0-816B-67D97AA74680}.Release|x64.Build.0 = Release|Any CPU
		{68F65E76-B984-4FE0-816B-67D97AA74680}.Release|x86.ActiveCfg = Release|Any CPU
		{68F65E76-B984-4FE0-816B-67D97AA74680}.Release|x86.Build.0 = Release|Any CPU
		{D4D7F469-143E-4A15-942E-DC093891203E}.Debug|Any CPU.ActiveCfg = Debug|Any CPU
		{D4D7F469-143E-4A15-942E-DC093891203E}.Debug|Any CPU.Build.0 = Debug|Any CPU
		{D4D7F469-143E-4A15-942E-DC093891203E}.Debug|x64.ActiveCfg = Debug|Any CPU
		{D4D7F469-143E-4A15-942E-DC093891203E}.Debug|x64.Build.0 = Debug|Any CPU
		{D4D7F469-143E-4A15-942E-DC093891203E}.Debug|x86.ActiveCfg = Debug|Any CPU
		{D4D7F469-143E-4A15-942E-DC093891203E}.Debug|x86.Build.0 = Debug|Any CPU
		{D4D7F469-143E-4A15-942E-DC093891203E}.Release|Any CPU.ActiveCfg = Release|Any CPU
		{D4D7F469-143E-4A15-942E-DC093891203E}.Release|Any CPU.Build.0 = Release|Any CPU
		{D4D7F469-143E-4A15-942E-DC093891203E}.Release|x64.ActiveCfg = Release|Any CPU
		{D4D7F469-143E-4A15-942E-DC093891203E}.Release|x64.Build.0 = Release|Any CPU
		{D4D7F469-143E-4A15-942E-DC093891203E}.Release|x86.ActiveCfg = Release|Any CPU
		{D4D7F469-143E-4A15-942E-DC093891203E}.Release|x86.Build.0 = Release|Any CPU
		{26B2755B-DE2B-4352-BBD5-E1D46FB13DF4}.Debug|Any CPU.ActiveCfg = Debug|Any CPU
		{26B2755B-DE2B-4352-BBD5-E1D46FB13DF4}.Debug|Any CPU.Build.0 = Debug|Any CPU
		{26B2755B-DE2B-4352-BBD5-E1D46FB13DF4}.Debug|x64.ActiveCfg = Debug|Any CPU
		{26B2755B-DE2B-4352-BBD5-E1D46FB13DF4}.Debug|x64.Build.0 = Debug|Any CPU
		{26B2755B-DE2B-4352-BBD5-E1D46FB13DF4}.Debug|x86.ActiveCfg = Debug|Any CPU
		{26B2755B-DE2B-4352-BBD5-E1D46FB13DF4}.Debug|x86.Build.0 = Debug|Any CPU
		{26B2755B-DE2B-4352-BBD5-E1D46FB13DF4}.Release|Any CPU.ActiveCfg = Release|Any CPU
		{26B2755B-DE2B-4352-BBD5-E1D46FB13DF4}.Release|Any CPU.Build.0 = Release|Any CPU
		{26B2755B-DE2B-4352-BBD5-E1D46FB13DF4}.Release|x64.ActiveCfg = Release|Any CPU
		{26B2755B-DE2B-4352-BBD5-E1D46FB13DF4}.Release|x64.Build.0 = Release|Any CPU
		{26B2755B-DE2B-4352-BBD5-E1D46FB13DF4}.Release|x86.ActiveCfg = Release|Any CPU
		{26B2755B-DE2B-4352-BBD5-E1D46FB13DF4}.Release|x86.Build.0 = Release|Any CPU
	EndGlobalSection
	GlobalSection(SolutionProperties) = preSolution
		HideSolutionNode = FALSE
	EndGlobalSection
	GlobalSection(NestedProjects) = preSolution
		{BEB635C6-B34B-49EE-9735-DDFE5AA127D7} = {827E0CD3-B72D-47B6-A68D-7590B98EB39B}
		{500E56A3-223E-428D-BE0E-010C1CA2B0F6} = {827E0CD3-B72D-47B6-A68D-7590B98EB39B}
		{B640ADBF-6CDE-4429-9658-37F39B450CAE} = {827E0CD3-B72D-47B6-A68D-7590B98EB39B}
		{FB405694-194C-458E-8A1D-390DD4111417} = {827E0CD3-B72D-47B6-A68D-7590B98EB39B}
		{2490080C-DEF0-4B83-96A9-BF15FA7AA085} = {0AB3BF05-4346-4AA6-1389-037BE0695223}
		{68F65E76-B984-4FE0-816B-67D97AA74680} = {0AB3BF05-4346-4AA6-1389-037BE0695223}
		{D4D7F469-143E-4A15-942E-DC093891203E} = {0AB3BF05-4346-4AA6-1389-037BE0695223}
		{26B2755B-DE2B-4352-BBD5-E1D46FB13DF4} = {0AB3BF05-4346-4AA6-1389-037BE0695223}
	EndGlobalSection
EndGlobal
